PODS:
  - NBNRealmBrowser (0.1.0):
    - Realm (~> 0.85)
  - Realm (0.89.0):
    - Realm/Headers (= 0.89.0)
  - Realm/Headers (0.89.0)

DEPENDENCIES:
  - NBNRealmBrowser (from `../`)

EXTERNAL SOURCES:
  NBNRealmBrowser:
    :path: ../

SPEC CHECKSUMS:
  NBNRealmBrowser: f84d7b5cc6f14a715072f61086eb61124c95df4e
  Realm: 5923f6bac1337809f418295265bc0b454d4f3a38

COCOAPODS: 0.35.0
